{
  "name": "playwright-smart-vision-monorepo",
  "lockfileVersion": 3,
  "requires": true,
  "packages": {
    "": {
      "name": "playwright-smart-vision-monorepo",
      "workspaces": [
        "packages/*"
      ]
    },
    "node_modules/@playwright/test": {
      "version": "1.62.1",
      "dev": true,
      "license": "Apache-2.0",
      "dependencies": {
        "playwright": "1.62.1"
      },
      "bin": {
        "playwright": "cli.js"
      },
      "engines": {
        "node": ">=20"
      }
    },
    "node_modules/@rickcedwhat/playwright-smart-vision": {
      "resolved": "packages/core",
      "link": true
    },
    "node_modules/@rickcedwhat/playwright-smart-vision-tools": {
      "resolved": "packages/tools",
      "link": true
    },
    "node_modules/@techstark/opencv-js": {
      "version": "5.0.0-release.1",
      "resolved": "https://registry.npmjs.org/@techstark/opencv-js/-/opencv-js-5.0.0-release.1.tgz",
      "integrity": "sha512-PIm+eB0MFtieXoNC2GRao0dv/02sehG+Nv2nSW5D6pQm6J/4WqvDHm0RyoqOmGYQm67jdGiaOdIeTShCY3PIUg==",
      "license": "Apache-2.0"
    },
    "node_modules/@types/node": {
      "version": "26.2.0",
      "dev": true,
      "license": "MIT",
      "dependencies": {
        "undici-types": "~8.3.0"
      }
    },
    "node_modules/@types/pngjs": {
      "version": "6.0.5",
      "dev": true,
      "license": "MIT",
      "dependencies": {
        "@types/node": "*"
      }
    },
    "node_modules/bmp-js": {
      "version": "0.1.0",
      "license": "MIT"
    },
    "node_modules/fsevents": {
      "version": "2.3.2",
      "dev": true,
      "license": "MIT",
      "optional": true,
      "os": [
        "darwin"
      ],
      "engines": {
        "node": "^8.16.0 || ^10.6.0 || >=11.0.0"
      }
    },
    "node_modules/idb-keyval": {
      "version": "6.3.0",
      "license": "Apache-2.0"
    },
    "node_modules/is-url": {
      "version": "1.2.4",
      "license": "MIT"
    },
    "node_modules/node-fetch": {
      "version": "2.7.0",
      "license": "MIT",
      "dependencies": {
        "whatwg-url": "^5.0.0"
      },
      "engines": {
        "node": "4.x || >=6.0.0"
      },
      "peerDependencies": {
        "encoding": "^0.1.0"
      },
      "peerDependenciesMeta": {
        "encoding": {
          "optional": true
        }
      }
    },
    "node_modules/opencollective-postinstall": {
      "version": "2.0.3",
      "license": "MIT",
      "bin": {
        "opencollective-postinstall": "index.js"
      }
    },
    "node_modules/pixelmatch": {
      "version": "7.2.0",
      "license": "ISC",
      "dependencies": {
        "pngjs": "^7.0.0"
      },
      "bin": {
        "pixelmatch": "bin/pixelmatch"
      }
    },
    "node_modules/playwright": {
      "version": "1.62.1",
      "dev": true,
      "license": "Apache-2.0",
      "dependencies": {
        "playwright-core": "1.62.1"
      },
      "bin": {
        "playwright": "cli.js"
      },
      "engines": {
        "node": ">=20"
      },
      "optionalDependencies": {
        "fsevents": "2.3.2"
      }
    },
    "node_modules/playwright-core": {
      "version": "1.62.1",
      "dev": true,
      "license": "Apache-2.0",
      "bin": {
        "playwright-core": "cli.js"
      },
      "engines": {
        "node": ">=20"
      }
    },
    "node_modules/pngjs": {
      "version": "7.0.0",
      "license": "MIT",
      "engines": {
        "node": ">=14.19.0"
      }
    },
    "node_modules/regenerator-runtime": {
      "version": "0.13.11",
      "license": "MIT"
    },
    "node_modules/tesseract.js": {
      "version": "7.0.0",
      "hasInstallScript": true,
      "license": "Apache-2.0",
      "dependencies": {
        "bmp-js": "^0.1.0",
        "idb-keyval": "^6.2.0",
        "is-url": "^1.2.4",
        "node-fetch": "^2.6.9",
        "opencollective-postinstall": "^2.0.3",
        "regenerator-runtime": "^0.13.3",
        "tesseract.js-core": "^7.0.0",
        "wasm-feature-detect": "^1.8.0",
        "zlibjs": "^0.3.1"
      }
    },
    "node_modules/tesseract.js-core": {
      "version": "7.0.0",
      "license": "Apache-2.0"
    },
    "node_modules/tr46": {
      "version": "0.0.3",
      "license": "MIT"
    },
    "node_modules/undici-types": {
      "version": "8.3.0",
      "dev": true,
      "license": "MIT"
    },
    "node_modules/wasm-feature-detect": {
      "version": "1.9.0",
      "license": "Apache-2.0"
    },
    "node_modules/webidl-conversions": {
      "version": "3.0.1",
      "license": "BSD-2-Clause"
    },
    "node_modules/whatwg-url": {
      "version": "5.0.0",
      "license": "MIT",
      "dependencies": {
        "tr46": "~0.0.3",
        "webidl-conversions": "^3.0.0"
      }
    },
    "node_modules/zlibjs": {
      "version": "0.3.1",
      "license": "MIT",
      "engines": {
        "node": "*"
      }
    },
    "packages/core": {
      "name": "@rickcedwhat/playwright-smart-vision",
      "version": "0.1.0",
      "license": "MIT",
      "dependencies": {
        "@techstark/opencv-js": "^5.0.0-release.1",
        "pixelmatch": "^7.2.0",
        "pngjs": "^7.0.0",
        "tesseract.js": "^7.0.0"
      },
      "devDependencies": {
        "@playwright/test": "^1.62.1",
        "@types/node": "^26.2.0",
        "@types/pngjs": "^6.0.5",
        "typescript": "^5.8.0"
      },
      "peerDependencies": {
        "@playwright/test": ">=1.50.0"
      }
    },
    "packages/core/node_modules/typescript": {
      "version": "5.9.3",
      "resolved": "https://registry.npmjs.org/typescript/-/typescript-5.9.3.tgz",
      "integrity": "sha512-jl1vZzPDinLr9eUt3J/t7V6FgNEw9QjvBPdysz9KfQDD41fQrC2Y4vKQdiaUpFT4bXlb1RHhLpp8wtm6M5TgSw==",
      "dev": true,
      "license": "Apache-2.0",
      "bin": {
        "tsc": "bin/tsc",
        "tsserver": "bin/tsserver"
      },
      "engines": {
        "node": ">=14.17"
      }
    },
    "packages/tools": {
      "name": "@rickcedwhat/playwright-smart-vision-tools",
      "version": "0.1.0",
      "license": "MIT",
      "dependencies": {
        "@rickcedwhat/playwright-smart-vision": "*",
        "pngjs": "^7.0.0"
      },
      "bin": {
        "smart-vision": "template-manager-server.mjs"
      }
    }
  }
}
